
Microsoft Visual Studio Solution File, Format Version 12.00
# Visual Studio 14
VisualStudioVersion = 14.0.24720.0
MinimumVisualStudioVersion = 10.0.40219.1
Project("{FAE04EC0-301F-11D3-BF4B-00C04F79EFBC}") = "Airbest", "Airbest\Airbest.csproj", "{F8FF7BF2-7210-4856-86B1-6719210C71F5}"
EndProject
Project("{FAE04EC0-301F-11D3-BF4B-00C04F79EFBC}") = "Airbest.Site", "Airbest.Site\Airbest.Site.csproj", "{CF449487-C12B-4B0D-8057-446101FB683D}"
EndProject
Project("{FAE04EC0-301F-11D3-BF4B-00C04F79EFBC}") = "Huajie.Practices", "..\..\..\2016-01\2016-01.天下村微信\src\Huajie.Practices\Huajie.Practices.csproj", "{A1D63A60-33D4-4DDF-B8C3-ED45361918D0}"
EndProject
Global
	GlobalSection(SolutionConfigurationPlatforms) = preSolution
		Debug|Any CPU = Debug|Any CPU
		Release|Any CPU = Release|Any CPU
	EndGlobalSection
	GlobalSection(ProjectConfigurationPlatforms) = postSolution
		{F8FF7BF2-7210-4856-86B1-6719210C71F5}.Debug|Any CPU.ActiveCfg = Debug|Any CPU
		{F8FF7BF2-7210-4856-86B1-6719210C71F5}.Debug|Any CPU.Build.0 = Debug|Any CPU
		{F8FF7BF2-7210-4856-86B1-6719210C71F5}.Release|Any CPU.ActiveCfg = Release|Any CPU
		{F8FF7BF2-7210-4856-86B1-6719210C71F5}.Release|Any CPU.Build.0 = Release|Any CPU
		{CF449487-C12B-4B0D-8057-446101FB683D}.Debug|Any CPU.ActiveCfg = Debug|Any CPU
		{CF449487-C12B-4B0D-8057-446101FB683D}.Debug|Any CPU.Build.0 = Debug|Any CPU
		{CF449487-C12B-4B0D-8057-446101FB683D}.Release|Any CPU.ActiveCfg = Release|Any CPU
		{CF449487-C12B-4B0D-8057-446101FB683D}.Release|Any CPU.Build.0 = Release|Any CPU
		{A1D63A60-33D4-4DDF-B8C3-ED45361918D0}.Debug|Any CPU.ActiveCfg = Debug|Any CPU
		{A1D63A60-33D4-4DDF-B8C3-ED45361918D0}.Debug|Any CPU.Build.0 = Debug|Any CPU
		{A1D63A60-33D4-4DDF-B8C3-ED45361918D0}.Release|Any CPU.ActiveCfg = Release|Any CPU
		{A1D63A60-33D4-4DDF-B8C3-ED45361918D0}.Release|Any CPU.Build.0 = Release|Any CPU
	EndGlobalSection
	GlobalSection(SolutionProperties) = preSolution
		HideSolutionNode = FALSE
	EndGlobalSection
EndGlobal
